{
  "version": 1,
  "dependencies": {
    "net10.0": {
      "Microsoft.DotNet.ILCompiler": {
        "type": "Direct",
        "requested": "[10.0.5, )",
        "resolved": "10.0.5",
        "contentHash": "yadTZIkStCVsG8nGwvfroSfBApPsgjQbodQyaIfp53dgayE0qhZpywixiCB6lx57JYQ+KVg1m1AFLrj54pxpZg=="
      },
      "Microsoft.NET.ILLink.Tasks": {
        "type": "Direct",
        "requested": "[10.0.5, )",
        "resolved": "10.0.5",
        "contentHash": "A+5ZuQ0f449tM+MQrhf6R9ZX7lYpjk/ODEwLYKrnF6111rtARx8fVsm4YznUnQiKnnXfaXNBqgxmil6RW3L3SA=="
      },
      "Microsoft.Sbom.Targets": {
        "type": "Direct",
        "requested": "[4.1.5, )",
        "resolved": "4.1.5",
        "contentHash": "i5z+cNu/cOcdO0AgFB8aXk8w6In2H+haaDfSgd9ImvQIK+rSHavHZIogVoAZLL8jLwYx4bAcs5b7EyuMMG4mQQ=="
      },
      "Microsoft.SourceLink.GitHub": {
        "type": "Direct",
        "requested": "[10.0.202, )",
        "resolved": "10.0.202",
        "contentHash": "vRm3w0AWndnqt8X73qoWTdD/qp7o+bYMCufl7hSiQUSqeI3WKdqA/ElE6MCUscy84FX8HCMcK2EJCtTm+4bdbw==",
        "dependencies": {
          "Microsoft.Build.Tasks.Git": "10.0.202",
          "Microsoft.SourceLink.Common": "10.0.202",
          "System.IO.Hashing": "10.0.6"
        }
      },
      "MinVer": {
        "type": "Direct",
        "requested": "[7.0.0, )",
        "resolved": "7.0.0",
        "contentHash": "2lMTCQl5bGP4iv0JNkockPnyllC6eHLz+CoK2ICvalvHod+exXSxueu9hq+zNkU7bZBJf8wMfeRC/Edn8AGmEg=="
      },
      "Microsoft.Build.Tasks.Git": {
        "type": "Transitive",
        "resolved": "10.0.202",
        "contentHash": "HXAW7dToPLi6lHN4TJz1FfxLYfPS3EF20YrrZxQ9xbwbjLkFXJ+SwkuuILoAdCWTNHhHfa5oqOsrOEQX5s+eMg==",
        "dependencies": {
          "System.IO.Hashing": "10.0.6"
        }
      },
      "Microsoft.SourceLink.Common": {
        "type": "Transitive",
        "resolved": "10.0.202",
        "contentHash": "g8E67huS0Slt6iJiUG1uj2N4NBo/q68Q1y1H4nFu1Cn4AOp6S5D8AeGLhGMzBT+JmNCjiGTvKco2qkbe4F31tQ=="
      },
      "System.IO.Hashing": {
        "type": "Transitive",
        "resolved": "10.0.6",
        "contentHash": "lbMLkqFekDR4DeFd26eEfrG2HlvixIfs22uk/e2+9/NJ7WxMycVVakcQpuJvvqgc9XxwEgSd/Td+dZA+TjDDwA=="
      },
      "libdave": {
        "type": "Project"
      }
    },
    "net10.0/linux-x64": {
      "Microsoft.DotNet.ILCompiler": {
        "type": "Direct",
        "requested": "[10.0.5, )",
        "resolved": "10.0.5",
        "contentHash": "yadTZIkStCVsG8nGwvfroSfBApPsgjQbodQyaIfp53dgayE0qhZpywixiCB6lx57JYQ+KVg1m1AFLrj54pxpZg==",
        "dependencies": {
          "runtime.linux-x64.Microsoft.DotNet.ILCompiler": "10.0.5"
        }
      },
      "runtime.linux-x64.Microsoft.DotNet.ILCompiler": {
        "type": "Transitive",
        "resolved": "10.0.5",
        "contentHash": "QYAggijHfk8FpLrPVhaESEOCYGWzEjA9JLapzg6XMFK5TGmwQ2HIqEprFv28MwvB5GdPGaZVLXE5icnkgLUfSA=="
      }
    },
    "net10.0/win-x64": {
      "Microsoft.DotNet.ILCompiler": {
        "type": "Direct",
        "requested": "[10.0.5, )",
        "resolved": "10.0.5",
        "contentHash": "yadTZIkStCVsG8nGwvfroSfBApPsgjQbodQyaIfp53dgayE0qhZpywixiCB6lx57JYQ+KVg1m1AFLrj54pxpZg==",
        "dependencies": {
          "runtime.win-x64.Microsoft.DotNet.ILCompiler": "10.0.5"
        }
      },
      "runtime.win-x64.Microsoft.DotNet.ILCompiler": {
        "type": "Transitive",
        "resolved": "10.0.5",
        "contentHash": "vblLkpVhSDYOmrEW0jypX7YVtLg7idU1QzUyx45ZdZ2sFUSSf3mYFCr0FW3+KZgXWpN1ve9ZPrxNywvHISF4bA=="
      }
    }
  }
}